
Microsoft Visual Studio Solution File, Format Version 12.00
# Visual Studio Version 17
VisualStudioVersion = 17.0.31903.59
MinimumVisualStudioVersion = 10.0.40219.1
Project("{FAE04EC0-301F-11D3-BF4B-00C04F79EFBC}") = "EventAndDelegateHomeWork", "EventAndDelegateHomeWork\EventAndDelegateHomeWork.csproj", "{3228F81C-40BE-46BE-AEB8-E40D60818772}"
EndProject
Global
	GlobalSection(SolutionConfigurationPlatforms) = preSolution
		Debug|Any CPU = Debug|Any CPU
		Release|Any CPU = Release|Any CPU
	EndGlobalSection
	GlobalSection(ProjectConfigurationPlatforms) = postSolution
		{3228F81C-40BE-46BE-AEB8-E40D60818772}.Debug|Any CPU.ActiveCfg = Debug|Any CPU
		{3228F81C-40BE-46BE-AEB8-E40D60818772}.Debug|Any CPU.Build.0 = Debug|Any CPU
		{3228F81C-40BE-46BE-AEB8-E40D60818772}.Release|Any CPU.ActiveCfg = Release|Any CPU
		{3228F81C-40BE-46BE-AEB8-E40D60818772}.Release|Any CPU.Build.0 = Release|Any CPU
	EndGlobalSection
	GlobalSection(SolutionProperties) = preSolution
		HideSolutionNode = FALSE
	EndGlobalSection
	GlobalSection(ExtensibilityGlobals) = postSolution
		SolutionGuid = {BCE58EC2-0F7C-4D0D-93A7-871B10B95008}
	EndGlobalSection
EndGlobal
